
Microsoft Visual Studio Solution File, Format Version 12.00
# Visual Studio Version 16
VisualStudioVersion = 16.0.29709.97
MinimumVisualStudioVersion = 10.0.40219.1
Project("{9A19103F-16F7-4668-BE54-9A1E7A4F7556}") = "FoodREV", "FoodREV\FoodREV.csproj", "{8F0BFD6C-E441-4E1B-A3DB-36E702E62397}"
EndProject
Project("{FAE04EC0-301F-11D3-BF4B-00C04F79EFBC}") = "FoodREV.DataAccess", "FoodREV.DataAccess\FoodREV.DataAccess.csproj", "{88F6E200-C0FC-4E1D-8C1B-23819868DAEC}"
EndProject
Project("{FAE04EC0-301F-11D3-BF4B-00C04F79EFBC}") = "FoodREV.Models", "FoodREV.Models\FoodREV.Models.csproj", "{0F028675-3BBF-4209-9DAE-7CA15EC1E510}"
EndProject
Project("{FAE04EC0-301F-11D3-BF4B-00C04F79EFBC}") = "FoodREV.Utility", "FoodREV.Utility\FoodREV.Utility.csproj", "{59CBB496-1BA9-4813-A5F7-88CFD2B0C6CD}"
EndProject
Global
	GlobalSection(SolutionConfigurationPlatforms) = preSolution
		Debug|Any CPU = Debug|Any CPU
		Release|Any CPU = Release|Any CPU
	EndGlobalSection
	GlobalSection(ProjectConfigurationPlatforms) = postSolution
		{8F0BFD6C-E441-4E1B-A3DB-36E702E62397}.Debug|Any CPU.ActiveCfg = Debug|Any CPU
		{8F0BFD6C-E441-4E1B-A3DB-36E702E62397}.Debug|Any CPU.Build.0 = Debug|Any CPU
		{8F0BFD6C-E441-4E1B-A3DB-36E702E62397}.Release|Any CPU.ActiveCfg = Release|Any CPU
		{8F0BFD6C-E441-4E1B-A3DB-36E702E62397}.Release|Any CPU.Build.0 = Release|Any CPU
		{88F6E200-C0FC-4E1D-8C1B-23819868DAEC}.Debug|Any CPU.ActiveCfg = Debug|Any CPU
		{88F6E200-C0FC-4E1D-8C1B-23819868DAEC}.Debug|Any CPU.Build.0 = Debug|Any CPU
		{88F6E200-C0FC-4E1D-8C1B-23819868DAEC}.Release|Any CPU.ActiveCfg = Release|Any CPU
		{88F6E200-C0FC-4E1D-8C1B-23819868DAEC}.Release|Any CPU.Build.0 = Release|Any CPU
		{0F028675-3BBF-4209-9DAE-7CA15EC1E510}.Debug|Any CPU.ActiveCfg = Debug|Any CPU
		{0F028675-3BBF-4209-9DAE-7CA15EC1E510}.Debug|Any CPU.Build.0 = Debug|Any CPU
		{0F028675-3BBF-4209-9DAE-7CA15EC1E510}.Release|Any CPU.ActiveCfg = Release|Any CPU
		{0F028675-3BBF-4209-9DAE-7CA15EC1E510}.Release|Any CPU.Build.0 = Release|Any CPU
		{59CBB496-1BA9-4813-A5F7-88CFD2B0C6CD}.Debug|Any CPU.ActiveCfg = Debug|Any CPU
		{59CBB496-1BA9-4813-A5F7-88CFD2B0C6CD}.Debug|Any CPU.Build.0 = Debug|Any CPU
		{59CBB496-1BA9-4813-A5F7-88CFD2B0C6CD}.Release|Any CPU.ActiveCfg = Release|Any CPU
		{59CBB496-1BA9-4813-A5F7-88CFD2B0C6CD}.Release|Any CPU.Build.0 = Release|Any CPU
	EndGlobalSection
	GlobalSection(SolutionProperties) = preSolution
		HideSolutionNode = FALSE
	EndGlobalSection
	GlobalSection(ExtensibilityGlobals) = postSolution
		SolutionGuid = {3310D29C-74B1-4628-BAF9-386FB4AF6791}
	EndGlobalSection
EndGlobal
